
Microsoft Visual Studio Solution File, Format Version 12.00
# Visual Studio Version 17
VisualStudioVersion = 17.1.32414.318
MinimumVisualStudioVersion = 10.0.40219.1
Project("{9A19103F-16F7-4668-BE54-9A1E7A4F7556}") = "MySQLBackuper", "MySQLBck\MySQLBackuper.csproj", "{F90F6016-7747-4250-9D3C-BFD686F7C628}"
EndProject
Global
	GlobalSection(SolutionConfigurationPlatforms) = preSolution
		Debug|Any CPU = Debug|Any CPU
		Release|Any CPU = Release|Any CPU
	EndGlobalSection
	GlobalSection(ProjectConfigurationPlatforms) = postSolution
		{F90F6016-7747-4250-9D3C-BFD686F7C628}.Debug|Any CPU.ActiveCfg = Debug|Any CPU
		{F90F6016-7747-4250-9D3C-BFD686F7C628}.Debug|Any CPU.Build.0 = Debug|Any CPU
		{F90F6016-7747-4250-9D3C-BFD686F7C628}.Release|Any CPU.ActiveCfg = Release|Any CPU
		{F90F6016-7747-4250-9D3C-BFD686F7C628}.Release|Any CPU.Build.0 = Release|Any CPU
	EndGlobalSection
	GlobalSection(SolutionProperties) = preSolution
		HideSolutionNode = FALSE
	EndGlobalSection
	GlobalSection(ExtensibilityGlobals) = postSolution
		SolutionGuid = {8799FF42-A66D-4E2B-A507-D1D9413F30D1}
	EndGlobalSection
EndGlobal
